
Microsoft Visual Studio Solution File, Format Version 12.00
# Visual Studio Version 17
VisualStudioVersion = 17.11.35312.102
MinimumVisualStudioVersion = 10.0.40219.1
Project("{FAE04EC0-301F-11D3-BF4B-00C04F79EFBC}") = "TrabajoFinal", "TrabajoFinal.csproj", "{D40FACFF-0A16-4847-8765-6E573D2B5574}"
EndProject
Global
	GlobalSection(SolutionConfigurationPlatforms) = preSolution
		Debug|Any CPU = Debug|Any CPU
		Release|Any CPU = Release|Any CPU
	EndGlobalSection
	GlobalSection(ProjectConfigurationPlatforms) = postSolution
		{D40FACFF-0A16-4847-8765-6E573D2B5574}.Debug|Any CPU.ActiveCfg = Debug|Any CPU
		{D40FACFF-0A16-4847-8765-6E573D2B5574}.Debug|Any CPU.Build.0 = Debug|Any CPU
		{D40FACFF-0A16-4847-8765-6E573D2B5574}.Release|Any CPU.ActiveCfg = Release|Any CPU
		{D40FACFF-0A16-4847-8765-6E573D2B5574}.Release|Any CPU.Build.0 = Release|Any CPU
	EndGlobalSection
	GlobalSection(SolutionProperties) = preSolution
		HideSolutionNode = FALSE
	EndGlobalSection
	GlobalSection(ExtensibilityGlobals) = postSolution
		SolutionGuid = {E20ABD62-9E16-4B6B-9F47-EF5660AE93BE}
	EndGlobalSection
EndGlobal
